// !$*UTF8*$!
{
	archiveVersion = 1;
	classes = {
	};
	objectVersion = 56;
	objects = {

/* Begin PBXFileReference section */
		E826857C29F22C0F002EFBB1 /* index2 */ = {isa = PBXFileReference; explicitFileType = text.html; path = index2; sourceTree = "<group>"; };
/* End PBXFileReference section */

/* Begin PBXGroup section */
		E82E857129F2263900B06B63 = {
			isa = PBXGroup;
			children = (
				E826857C29F22C0F002EFBB1 /* index2 */,
			);
			sourceTree = "<group>";
		};
/* End PBXGroup section */

/* Begin PBXProject section */
		E82E857229F2263900B06B63 /* Project object */ = {
			isa = PBXProject;
			attributes = {
				BuildIndependentTargetsInParallel = 1;
				LastUpgradeCheck = 1430;
			};
			buildConfigurationList = E82E857529F2263900B06B63 /* Build configuration list for PBXProject "index" */;
			compatibilityVersion = "Xcode 14.0";
			developmentRegion = en;
			hasScannedForEncodings = 0;
			knownRegions = (
				en,
				Base,
			);
			mainGroup = E82E857129F2263900B06B63;
			projectDirPath = "";
			projectRoot = "";
			targets = (
			);
		};
/* End PBXProject section */

/* Begin XCBuildConfiguration section */
		E82E857629F2263900B06B63 /* Debug */ = {
			isa = XCBuildConfiguration;
			buildSettings = {
			};
			name = Debug;
		};
		E82E857729F2263900B06B63 /* Release */ = {
			isa = XCBuildConfiguration;
			buildSettings = {
			};
			name = Release;
		};
/* End XCBuildConfiguration section */

/* Begin XCConfigurationList section */
		E82E857529F2263900B06B63 /* Build configuration list for PBXProject "index" */ = {
			isa = XCConfigurationList;
			buildConfigurations = (
				E82E857629F2263900B06B63 /* Debug */,
				E82E857729F2263900B06B63 /* Release */,
			);
			defaultConfigurationIsVisible = 0;
			defaultConfigurationName = Release;
		};
/* End XCConfigurationList section */
	};
	rootObject = E82E857229F2263900B06B63 /* Project object */;
}
